
Microsoft Visual Studio Solution File, Format Version 12.00
# Visual Studio Version 17
VisualStudioVersion = 17.14.37111.16 d17.14
MinimumVisualStudioVersion = 10.0.40219.1
Project("{FAE04EC0-301F-11D3-BF4B-00C04F79EFBC}") = "Project 23 [ Pizza Order ]", "Project 23 [ Pizza Order ].csproj", "{C64787DE-7D7B-4B90-BE8A-6A103E21A474}"
EndProject
Global
	GlobalSection(SolutionConfigurationPlatforms) = preSolution
		Debug|Any CPU = Debug|Any CPU
		Release|Any CPU = Release|Any CPU
	EndGlobalSection
	GlobalSection(ProjectConfigurationPlatforms) = postSolution
		{C64787DE-7D7B-4B90-BE8A-6A103E21A474}.Debug|Any CPU.ActiveCfg = Debug|Any CPU
		{C64787DE-7D7B-4B90-BE8A-6A103E21A474}.Debug|Any CPU.Build.0 = Debug|Any CPU
		{C64787DE-7D7B-4B90-BE8A-6A103E21A474}.Release|Any CPU.ActiveCfg = Release|Any CPU
		{C64787DE-7D7B-4B90-BE8A-6A103E21A474}.Release|Any CPU.Build.0 = Release|Any CPU
	EndGlobalSection
	GlobalSection(SolutionProperties) = preSolution
		HideSolutionNode = FALSE
	EndGlobalSection
	GlobalSection(ExtensibilityGlobals) = postSolution
		SolutionGuid = {0526DA7D-2346-4804-837A-0741CFAB231E}
	EndGlobalSection
EndGlobal
